
Microsoft Visual Studio Solution File, Format Version 12.00
# Visual Studio Version 17
VisualStudioVersion = 17.3.32901.215
MinimumVisualStudioVersion = 10.0.40219.1
Project("{8BC9CEB8-8B4A-11D0-8D11-00A0C91BC942}") = "Archimedes", "Archimedes\Archimedes.vcxproj", "{F41C774A-A4AB-423B-BAFB-8A0314A8E7F1}"
EndProject
Project("{8BC9CEB8-8B4A-11D0-8D11-00A0C91BC942}") = "Abelian", "Abelian\Abelian.vcxproj", "{10E16212-55A0-4010-A3B7-05A42D57572E}"
EndProject
Project("{8BC9CEB8-8B4A-11D0-8D11-00A0C91BC942}") = "glfw", "glfw\build\src\glfw.vcxproj", "{BBE55BBC-B680-31F6-8658-F4415BEA4BF1}"
EndProject
Project("{8BC9CEB8-8B4A-11D0-8D11-00A0C91BC942}") = "glad", "glad\glad.vcxproj", "{8E914BB8-807C-47F8-812A-E67DDC6E5256}"
EndProject
Project("{8BC9CEB8-8B4A-11D0-8D11-00A0C91BC942}") = "stbi", "stbi\stbi.vcxproj", "{765C3A67-1B12-43C7-BB88-A23C1F5583AC}"
EndProject
Global
	GlobalSection(SolutionConfigurationPlatforms) = preSolution
		Debug|x64 = Debug|x64
		Debug|x86 = Debug|x86
		MinSizeRel|x64 = MinSizeRel|x64
		MinSizeRel|x86 = MinSizeRel|x86
		Release|x64 = Release|x64
		Release|x86 = Release|x86
		RelWithDebInfo|x64 = RelWithDebInfo|x64
		RelWithDebInfo|x86 = RelWithDebInfo|x86
	EndGlobalSection
	GlobalSection(ProjectConfigurationPlatforms) = postSolution
		{F41C774A-A4AB-423B-BAFB-8A0314A8E7F1}.Debug|x64.ActiveCfg = Debug|x64
		{F41C774A-A4AB-423B-BAFB-8A0314A8E7F1}.Debug|x64.Build.0 = Debug|x64
		{F41C774A-A4AB-423B-BAFB-8A0314A8E7F1}.Debug|x86.ActiveCfg = Debug|Win32
		{F41C774A-A4AB-423B-BAFB-8A0314A8E7F1}.Debug|x86.Build.0 = Debug|Win32
		{F41C774A-A4AB-423B-BAFB-8A0314A8E7F1}.MinSizeRel|x64.ActiveCfg = Release|x64
		{F41C774A-A4AB-423B-BAFB-8A0314A8E7F1}.MinSizeRel|x64.Build.0 = Release|x64
		{F41C774A-A4AB-423B-BAFB-8A0314A8E7F1}.MinSizeRel|x86.ActiveCfg = Release|Win32
		{F41C774A-A4AB-423B-BAFB-8A0314A8E7F1}.MinSizeRel|x86.Build.0 = Release|Win32
		{F41C774A-A4AB-423B-BAFB-8A0314A8E7F1}.Release|x64.ActiveCfg = Release|x64
		{F41C774A-A4AB-423B-BAFB-8A0314A8E7F1}.Release|x64.Build.0 = Release|x64
		{F41C774A-A4AB-423B-BAFB-8A0314A8E7F1}.Release|x86.ActiveCfg = Release|Win32
		{F41C774A-A4AB-423B-BAFB-8A0314A8E7F1}.Release|x86.Build.0 = Release|Win32
		{F41C774A-A4AB-423B-BAFB-8A0314A8E7F1}.RelWithDebInfo|x64.ActiveCfg = Release|x64
		{F41C774A-A4AB-423B-BAFB-8A0314A8E7F1}.RelWithDebInfo|x64.Build.0 = Release|x64
		{F41C774A-A4AB-423B-BAFB-8A0314A8E7F1}.RelWithDebInfo|x86.ActiveCfg = Release|Win32
		{F41C774A-A4AB-423B-BAFB-8A0314A8E7F1}.RelWithDebInfo|x86.Build.0 = Release|Win32
		{10E16212-55A0-4010-A3B7-05A42D57572E}.Debug|x64.ActiveCfg = Debug|x64
		{10E16212-55A0-4010-A3B7-05A42D57572E}.Debug|x64.Build.0 = Debug|x64
		{10E16212-55A0-4010-A3B7-05A42D57572E}.Debug|x86.ActiveCfg = Debug|Win32
		{10E16212-55A0-4010-A3B7-05A42D57572E}.Debug|x86.Build.0 = Debug|Win32
		{10E16212-55A0-4010-A3B7-05A42D57572E}.MinSizeRel|x64.ActiveCfg = Release|x64
		{10E16212-55A0-4010-A3B7-05A42D57572E}.MinSizeRel|x64.Build.0 = Release|x64
		{10E16212-55A0-4010-A3B7-05A42D57572E}.MinSizeRel|x86.ActiveCfg = Release|Win32
		{10E16212-55A0-4010-A3B7-05A42D57572E}.MinSizeRel|x86.Build.0 = Release|Win32
		{10E16212-55A0-4010-A3B7-05A42D57572E}.Release|x64.ActiveCfg = Release|x64
		{10E16212-55A0-4010-A3B7-05A42D57572E}.Release|x64.Build.0 = Release|x64
		{10E16212-55A0-4010-A3B7-05A42D57572E}.Release|x86.ActiveCfg = Release|Win32
		{10E16212-55A0-4010-A3B7-05A42D57572E}.Release|x86.Build.0 = Release|Win32
		{10E16212-55A0-4010-A3B7-05A42D57572E}.RelWithDebInfo|x64.ActiveCfg = Release|x64
		{10E16212-55A0-4010-A3B7-05A42D57572E}.RelWithDebInfo|x64.Build.0 = Release|x64
		{10E16212-55A0-4010-A3B7-05A42D57572E}.RelWithDebInfo|x86.ActiveCfg = Release|Win32
		{10E16212-55A0-4010-A3B7-05A42D57572E}.RelWithDebInfo|x86.Build.0 = Release|Win32
		{BBE55BBC-B680-31F6-8658-F4415BEA4BF1}.Debug|x64.ActiveCfg = Debug|x64
		{BBE55BBC-B680-31F6-8658-F4415BEA4BF1}.Debug|x64.Build.0 = Debug|x64
		{BBE55BBC-B680-31F6-8658-F4415BEA4BF1}.Debug|x86.ActiveCfg = Debug|x64
		{BBE55BBC-B680-31F6-8658-F4415BEA4BF1}.Debug|x86.Build.0 = Debug|x64
		{BBE55BBC-B680-31F6-8658-F4415BEA4BF1}.MinSizeRel|x64.ActiveCfg = MinSizeRel|x64
		{BBE55BBC-B680-31F6-8658-F4415BEA4BF1}.MinSizeRel|x64.Build.0 = MinSizeRel|x64
		{BBE55BBC-B680-31F6-8658-F4415BEA4BF1}.MinSizeRel|x86.ActiveCfg = MinSizeRel|x64
		{BBE55BBC-B680-31F6-8658-F4415BEA4BF1}.MinSizeRel|x86.Build.0 = MinSizeRel|x64
		{BBE55BBC-B680-31F6-8658-F4415BEA4BF1}.Release|x64.ActiveCfg = Release|x64
		{BBE55BBC-B680-31F6-8658-F4415BEA4BF1}.Release|x64.Build.0 = Release|x64
		{BBE55BBC-B680-31F6-8658-F4415BEA4BF1}.Release|x86.ActiveCfg = Release|x64
		{BBE55BBC-B680-31F6-8658-F4415BEA4BF1}.Release|x86.Build.0 = Release|x64
		{BBE55BBC-B680-31F6-8658-F4415BEA4BF1}.RelWithDebInfo|x64.ActiveCfg = RelWithDebInfo|x64
		{BBE55BBC-B680-31F6-8658-F4415BEA4BF1}.RelWithDebInfo|x64.Build.0 = RelWithDebInfo|x64
		{BBE55BBC-B680-31F6-8658-F4415BEA4BF1}.RelWithDebInfo|x86.ActiveCfg = RelWithDebInfo|x64
		{BBE55BBC-B680-31F6-8658-F4415BEA4BF1}.RelWithDebInfo|x86.Build.0 = RelWithDebInfo|x64
		{8E914BB8-807C-47F8-812A-E67DDC6E5256}.Debug|x64.ActiveCfg = Debug|x64
		{8E914BB8-807C-47F8-812A-E67DDC6E5256}.Debug|x64.Build.0 = Debug|x64
		{8E914BB8-807C-47F8-812A-E67DDC6E5256}.Debug|x86.ActiveCfg = Debug|Win32
		{8E914BB8-807C-47F8-812A-E67DDC6E5256}.Debug|x86.Build.0 = Debug|Win32
		{8E914BB8-807C-47F8-812A-E67DDC6E5256}.MinSizeRel|x64.ActiveCfg = Debug|x64
		{8E914BB8-807C-47F8-812A-E67DDC6E5256}.MinSizeRel|x64.Build.0 = Debug|x64
		{8E914BB8-807C-47F8-812A-E67DDC6E5256}.MinSizeRel|x86.ActiveCfg = Debug|Win32
		{8E914BB8-807C-47F8-812A-E67DDC6E5256}.MinSizeRel|x86.Build.0 = Debug|Win32
		{8E914BB8-807C-47F8-812A-E67DDC6E5256}.Release|x64.ActiveCfg = Release|x64
		{8E914BB8-807C-47F8-812A-E67DDC6E5256}.Release|x64.Build.0 = Release|x64
		{8E914BB8-807C-47F8-812A-E67DDC6E5256}.Release|x86.ActiveCfg = Release|Win32
		{8E914BB8-807C-47F8-812A-E67DDC6E5256}.Release|x86.Build.0 = Release|Win32
		{8E914BB8-807C-47F8-812A-E67DDC6E5256}.RelWithDebInfo|x64.ActiveCfg = Release|x64
		{8E914BB8-807C-47F8-812A-E67DDC6E5256}.RelWithDebInfo|x64.Build.0 = Release|x64
		{8E914BB8-807C-47F8-812A-E67DDC6E5256}.RelWithDebInfo|x86.ActiveCfg = Release|Win32
		{8E914BB8-807C-47F8-812A-E67DDC6E5256}.RelWithDebInfo|x86.Build.0 = Release|Win32
		{765C3A67-1B12-43C7-BB88-A23C1F5583AC}.Debug|x64.ActiveCfg = Debug|x64
		{765C3A67-1B12-43C7-BB88-A23C1F5583AC}.Debug|x64.Build.0 = Debug|x64
		{765C3A67-1B12-43C7-BB88-A23C1F5583AC}.Debug|x86.ActiveCfg = Debug|Win32
		{765C3A67-1B12-43C7-BB88-A23C1F5583AC}.Debug|x86.Build.0 = Debug|Win32
		{765C3A67-1B12-43C7-BB88-A23C1F5583AC}.MinSizeRel|x64.ActiveCfg = Debug|x64
		{765C3A67-1B12-43C7-BB88-A23C1F5583AC}.MinSizeRel|x64.Build.0 = Debug|x64
		{765C3A67-1B12-43C7-BB88-A23C1F5583AC}.MinSizeRel|x86.ActiveCfg = Debug|Win32
		{765C3A67-1B12-43C7-BB88-A23C1F5583AC}.MinSizeRel|x86.Build.0 = Debug|Win32
		{765C3A67-1B12-43C7-BB88-A23C1F5583AC}.Release|x64.ActiveCfg = Release|x64
		{765C3A67-1B12-43C7-BB88-A23C1F5583AC}.Release|x64.Build.0 = Release|x64
		{765C3A67-1B12-43C7-BB88-A23C1F5583AC}.Release|x86.ActiveCfg = Release|Win32
		{765C3A67-1B12-43C7-BB88-A23C1F5583AC}.Release|x86.Build.0 = Release|Win32
		{765C3A67-1B12-43C7-BB88-A23C1F5583AC}.RelWithDebInfo|x64.ActiveCfg = Release|x64
		{765C3A67-1B12-43C7-BB88-A23C1F5583AC}.RelWithDebInfo|x64.Build.0 = Release|x64
		{765C3A67-1B12-43C7-BB88-A23C1F5583AC}.RelWithDebInfo|x86.ActiveCfg = Release|Win32
		{765C3A67-1B12-43C7-BB88-A23C1F5583AC}.RelWithDebInfo|x86.Build.0 = Release|Win32
	EndGlobalSection
	GlobalSection(SolutionProperties) = preSolution
		HideSolutionNode = FALSE
	EndGlobalSection
	GlobalSection(ExtensibilityGlobals) = postSolution
		SolutionGuid = {CFF332A0-26BC-4342-B6A5-4D11B171578E}
	EndGlobalSection
EndGlobal
